// !$*UTF8*$!
{
	archiveVersion = 1;
	classes = {
	};
	objectVersion = 46;
	objects = {

/* Begin PBXBuildFile section */
		277AA0DB1D70BB900035A5F1 /* AppDelegate.swift in Sources */ = {isa = PBXBuildFile; fileRef = 277AA0DA1D70BB900035A5F1 /* AppDelegate.swift */; };
		277AA0DD1D70BB900035A5F1 /* ViewController.swift in Sources */ = {isa = PBXBuildFile; fileRef = 277AA0DC1D70BB900035A5F1 /* ViewController.swift */; };
		277AA0E01D70BB900035A5F1 /* Main.storyboard in Resources */ = {isa = PBXBuildFile; fileRef = 277AA0DE1D70BB900035A5F1 /* Main.storyboard */; };
		277AA0E21D70BB900035A5F1 /* Assets.xcassets in Resources */ = {isa = PBXBuildFile; fileRef = 277AA0E11D70BB900035A5F1 /* Assets.xcassets */; };
		277AA0E51D70BB900035A5F1 /* LaunchScreen.storyboard in Resources */ = {isa = PBXBuildFile; fileRef = 277AA0E31D70BB900035A5F1 /* LaunchScreen.storyboard */; };
/* End PBXBuildFile section */

/* Begin PBXFileReference section */
		277AA0D71D70BB900035A5F1 /* ZNshakeEffect.app */ = {isa = PBXFileReference; explicitFileType = wrapper.application; includeInIndex = 0; path = ZNshakeEffect.app; sourceTree = BUILT_PRODUCTS_DIR; };
		277AA0DA1D70BB900035A5F1 /* AppDelegate.swift */ = {isa = PBXFileReference; lastKnownFileType = sourcecode.swift; path = AppDelegate.swift; sourceTree = "<group>"; };
		277AA0DC1D70BB900035A5F1 /* ViewController.swift */ = {isa = PBXFileReference; lastKnownFileType = sourcecode.swift; path = ViewController.swift; sourceTree = "<group>"; };
		277AA0DF1D70BB900035A5F1 /* Base */ = {isa = PBXFileReference; lastKnownFileType = file.storyboard; name = Base; path = Base.lproj/Main.storyboard; sourceTree = "<group>"; };
		277AA0E11D70BB900035A5F1 /* Assets.xcassets */ = {isa = PBXFileReference; lastKnownFileType = folder.assetcatalog; path = Assets.xcassets; sourceTree = "<group>"; };
		277AA0E41D70BB900035A5F1 /* Base */ = {isa = PBXFileReference; lastKnownFileType = file.storyboard; name = Base; path = Base.lproj/LaunchScreen.storyboard; sourceTree = "<group>"; };
		277AA0E61D70BB900035A5F1 /* Info.plist */ = {isa = PBXFileReference; lastKnownFileType = text.plist.xml; path = Info.plist; sourceTree = "<group>"; };
/* End PBXFileReference section */

/* Begin PBXFrameworksBuildPhase section */
		277AA0D41D70BB900035A5F1 /* Frameworks */ = {
			isa = PBXFrameworksBuildPhase;
			buildActionMask = 2147483647;
			files = (
			);
			runOnlyForDeploymentPostprocessing = 0;
		};
/* End PBXFrameworksBuildPhase section */

/* Begin PBXGroup section */
		277AA0CE1D70BB900035A5F1 = {
			isa = PBXGroup;
			children = (
				277AA0D91D70BB900035A5F1 /* ZNshakeEffect */,
				277AA0D81D70BB900035A5F1 /* Products */,
			);
			sourceTree = "<group>";
		};
		277AA0D81D70BB900035A5F1 /* Products */ = {
			isa = PBXGroup;
			children = (
				277AA0D71D70BB900035A5F1 /* ZNshakeEffect.app */,
			);
			name = Products;
			sourceTree = "<group>";
		};
		277AA0D91D70BB900035A5F1 /* ZNshakeEffect */ = {
			isa = PBXGroup;
			children = (
				277AA0DA1D70BB900035A5F1 /* AppDelegate.swift */,
				277AA0DC1D70BB900035A5F1 /* ViewController.swift */,
				277AA0DE1D70BB900035A5F1 /* Main.storyboard */,
				277AA0E11D70BB900035A5F1 /* Assets.xcassets */,
				277AA0E31D70BB900035A5F1 /* LaunchScreen.storyboard */,
				277AA0E61D70BB900035A5F1 /* Info.plist */,
			);
			path = ZNshakeEffect;
			sourceTree = "<group>";
		};
/* End PBXGroup section */

/* Begin PBXNativeTarget section */
		277AA0D61D70BB900035A5F1 /* ZNshakeEffect */ = {
			isa = PBXNativeTarget;
			buildConfigurationList = 277AA0E91D70BB900035A5F1 /* Build configuration list for PBXNativeTarget "ZNshakeEffect" */;
			buildPhases = (
				277AA0D31D70BB900035A5F1 /* Sources */,
				277AA0D41D70BB900035A5F1 /* Frameworks */,
				277AA0D51D70BB900035A5F1 /* Resources */,
			);
			buildRules = (
			);
			dependencies = (
			);
			name = ZNshakeEffect;
			productName = ZNshakeEffect;
			productReference = 277AA0D71D70BB900035A5F1 /* ZNshakeEffect.app */;
			productType = "com.apple.product-type.application";
		};
/* End PBXNativeTarget section */

/* Begin PBXProject section */
		277AA0CF1D70BB900035A5F1 /* Project object */ = {
			isa = PBXProject;
			attributes = {
				LastSwiftUpdateCheck = 0730;
				LastUpgradeCheck = 0730;
				ORGANIZATIONNAME = "赵恩峰";
				TargetAttributes = {
					277AA0D61D70BB900035A5F1 = {
						CreatedOnToolsVersion = 7.3.1;
					};
				};
			};
			buildConfigurationList = 277AA0D21D70BB900035A5F1 /* Build configuration list for PBXProject "ZNshakeEffect" */;
			compatibilityVersion = "Xcode 3.2";
			developmentRegion = English;
			hasScannedForEncodings = 0;
			knownRegions = (
				en,
				Base,
			);
			mainGroup = 277AA0CE1D70BB900035A5F1;
			productRefGroup = 277AA0D81D70BB900035A5F1 /* Products */;
			projectDirPath = "";
			projectRoot = "";
			targets = (
				277AA0D61D70BB900035A5F1 /* ZNshakeEffect */,
			);
		};
/* End PBXProject section */

/* Begin PBXResourcesBuildPhase section */
		277AA0D51D70BB900035A5F1 /* Resources */ = {
			isa = PBXResourcesBuildPhase;
			buildActionMask = 2147483647;
			files = (
				277AA0E51D70BB900035A5F1 /* LaunchScreen.storyboard in Resources */,
				277AA0E21D70BB900035A5F1 /* Assets.xcassets in Resources */,
				277AA0E01D70BB900035A5F1 /* Main.storyboard in Resources */,
			);
			runOnlyForDeploymentPostprocessing = 0;
		};
/* End PBXResourcesBuildPhase section */

/* Begin PBXSourcesBuildPhase section */
		277AA0D31D70BB900035A5F1 /* Sources */ = {
			isa = PBXSourcesBuildPhase;
			buildActionMask = 2147483647;
			files = (
				277AA0DD1D70BB900035A5F1 /* ViewController.swift in Sources */,
				277AA0DB1D70BB900035A5F1 /* AppDelegate.swift in Sources */,
			);
			runOnlyForDeploymentPostprocessing = 0;
		};
/* End PBXSourcesBuildPhase section */

/* Begin PBXVariantGroup section */
		277AA0DE1D70BB900035A5F1 /* Main.storyboard */ = {
			isa = PBXVariantGroup;
			children = (
				277AA0DF1D70BB900035A5F1 /* Base */,
			);
			name = Main.storyboard;
			sourceTree = "<group>";
		};
		277AA0E31D70BB900035A5F1 /* LaunchScreen.storyboard */ = {
			isa = PBXVariantGroup;
			children = (
				277AA0E41D70BB900035A5F1 /* Base */,
			);
			name = LaunchScreen.storyboard;
			sourceTree = "<group>";
		};
/* End PBXVariantGroup section */

/* Begin XCBuildConfiguration section */
		277AA0E71D70BB900035A5F1 /* Debug */ = {
			isa = XCBuildConfiguration;
			buildSettings = {
				ALWAYS_SEARCH_USER_PATHS = NO;
				CLANG_ANALYZER_NONNULL = YES;
				CLANG_CXX_LANGUAGE_STANDARD = "gnu++0x";
				CLANG_CXX_LIBRARY = "libc++";
				CLANG_ENABLE_MODULES = YES;
				CLANG_ENABLE_OBJC_ARC = YES;
				CLANG_WARN_BOOL_CONVERSION = YES;
				CLANG_WARN_CONSTANT_CONVERSION = YES;
				CLANG_WARN_DIRECT_OBJC_ISA_USAGE = YES_ERROR;
				CLANG_WARN_EMPTY_BODY = YES;
				CLANG_WARN_ENUM_CONVERSION = YES;
				CLANG_WARN_INT_CONVERSION = YES;
				CLANG_WARN_OBJC_ROOT_CLASS = YES_ERROR;
				CLANG_WARN_UNREACHABLE_CODE = YES;
				CLANG_WARN__DUPLICATE_METHOD_MATCH = YES;
				"CODE_SIGN_IDENTITY[sdk=iphoneos*]" = "iPhone Developer";
				COPY_PHASE_STRIP = NO;
				DEBUG_INFORMATION_FORMAT = dwarf;
				ENABLE_STRICT_OBJC_MSGSEND = YES;
				ENABLE_TESTABILITY = YES;
				GCC_C_LANGUAGE_STANDARD = gnu99;
				GCC_DYNAMIC_NO_PIC = NO;
				GCC_NO_COMMON_BLOCKS = YES;
				GCC_OPTIMIZATION_LEVEL = 0;
				GCC_PREPROCESSOR_DEFINITIONS = (
					"DEBUG=1",
					"$(inherited)",
				);
				GCC_WARN_64_TO_32_BIT_CONVERSION = YES;
				GCC_WARN_ABOUT_RETURN_TYPE = YES_ERROR;
				GCC_WARN_UNDECLARED_SELECTOR = YES;
				GCC_WARN_UNINITIALIZED_AUTOS = YES_AGGRESSIVE;
				GCC_WARN_UNUSED_FUNCTION = YES;
				GCC_WARN_UNUSED_VARIABLE = YES;
				IPHONEOS_DEPLOYMENT_TARGET = 9.3;
				MTL_ENABLE_DEBUG_INFO = YES;
				ONLY_ACTIVE_ARCH = YES;
				SDKROOT = iphoneos;
				SWIFT_OPTIMIZATION_LEVEL = "-Onone";
			};
			name = Debug;
		};
		277AA0E81D70BB900035A5F1 /* Release */ = {
			isa = XCBuildConfiguration;
			buildSettings = {
				ALWAYS_SEARCH_USER_PATHS = NO;
				CLANG_ANALYZER_NONNULL = YES;
				CLANG_CXX_LANGUAGE_STANDARD = "gnu++0x";
				CLANG_CXX_LIBRARY = "libc++";
				CLANG_ENABLE_MODULES = YES;
				CLANG_ENABLE_OBJC_ARC = YES;
				CLANG_WARN_BOOL_CONVERSION = YES;
				CLANG_WARN_CONSTANT_CONVERSION = YES;
				CLANG_WARN_DIRECT_OBJC_ISA_USAGE = YES_ERROR;
				CLANG_WARN_EMPTY_BODY = YES;
				CLANG_WARN_ENUM_CONVERSION = YES;
				CLANG_WARN_INT_CONVERSION = YES;
				CLANG_WARN_OBJC_ROOT_CLASS = YES_ERROR;
				CLANG_WARN_UNREACHABLE_CODE = YES;
				CLANG_WARN__DUPLICATE_METHOD_MATCH = YES;
				"CODE_SIGN_IDENTITY[sdk=iphoneos*]" = "iPhone Developer";
				COPY_PHASE_STRIP = NO;
				DEBUG_INFORMATION_FORMAT = "dwarf-with-dsym";
				ENABLE_NS_ASSERTIONS = NO;
				ENABLE_STRICT_OBJC_MSGSEND = YES;
				GCC_C_LANGUAGE_STANDARD = gnu99;
				GCC_NO_COMMON_BLOCKS = YES;
				GCC_WARN_64_TO_32_BIT_CONVERSION = YES;
				GCC_WARN_ABOUT_RETURN_TYPE = YES_ERROR;
				GCC_WARN_UNDECLARED_SELECTOR = YES;
				GCC_WARN_UNINITIALIZED_AUTOS = YES_AGGRESSIVE;
				GCC_WARN_UNUSED_FUNCTION = YES;
				GCC_WARN_UNUSED_VARIABLE = YES;
				IPHONEOS_DEPLOYMENT_TARGET = 9.3;
				MTL_ENABLE_DEBUG_INFO = NO;
				SDKROOT = iphoneos;
				VALIDATE_PRODUCT = YES;
			};
			name = Release;
		};
		277AA0EA1D70BB900035A5F1 /* Debug */ = {
			isa = XCBuildConfiguration;
			buildSettings = {
				ASSETCATALOG_COMPILER_APPICON_NAME = AppIcon;
				INFOPLIST_FILE = ZNshakeEffect/Info.plist;
				LD_RUNPATH_SEARCH_PATHS = "$(inherited) @executable_path/Frameworks";
				PRODUCT_BUNDLE_IDENTIFIER = com.zhao95.ZNshakeEffect;
				PRODUCT_NAME = "$(TARGET_NAME)";
			};
			name = Debug;
		};
		277AA0EB1D70BB900035A5F1 /* Release */ = {
			isa = XCBuildConfiguration;
			buildSettings = {
				ASSETCATALOG_COMPILER_APPICON_NAME = AppIcon;
				INFOPLIST_FILE = ZNshakeEffect/Info.plist;
				LD_RUNPATH_SEARCH_PATHS = "$(inherited) @executable_path/Frameworks";
				PRODUCT_BUNDLE_IDENTIFIER = com.zhao95.ZNshakeEffect;
				PRODUCT_NAME = "$(TARGET_NAME)";
			};
			name = Release;
		};
/* End XCBuildConfiguration section */

/* Begin XCConfigurationList section */
		277AA0D21D70BB900035A5F1 /* Build configuration list for PBXProject "ZNshakeEffect" */ = {
			isa = XCConfigurationList;
			buildConfigurations = (
				277AA0E71D70BB900035A5F1 /* Debug */,
				277AA0E81D70BB900035A5F1 /* Release */,
			);
			defaultConfigurationIsVisible = 0;
			defaultConfigurationName = Release;
		};
		277AA0E91D70BB900035A5F1 /* Build configuration list for PBXNativeTarget "ZNshakeEffect" */ = {
			isa = XCConfigurationList;
			buildConfigurations = (
				277AA0EA1D70BB900035A5F1 /* Debug */,
				277AA0EB1D70BB900035A5F1 /* Release */,
			);
			defaultConfigurationIsVisible = 0;
		};
/* End XCConfigurationList section */
	};
	rootObject = 277AA0CF1D70BB900035A5F1 /* Project object */;
}
